
Microsoft Visual Studio Solution File, Format Version 12.00
# Visual Studio Version 17
VisualStudioVersion = 17.9.34728.123
MinimumVisualStudioVersion = 10.0.40219.1
Project("{9A19103F-16F7-4668-BE54-9A1E7A4F7556}") = "CSProg", "CSProg\CSProg.csproj", "{C05AEF5E-5DA6-4DAE-ABA2-F31B50D5D12B}"
EndProject
Project("{9A19103F-16F7-4668-BE54-9A1E7A4F7556}") = "ArrayExample", "ArrayExample\ArrayExample.csproj", "{018857AC-1278-4636-A37D-A68473B83AE1}"
EndProject
Project("{9A19103F-16F7-4668-BE54-9A1E7A4F7556}") = "ClassObj", "ClassObj\ClassObj.csproj", "{BEEFB56D-01BC-4EF3-9577-B9C2C226FB2B}"
EndProject
Project("{9A19103F-16F7-4668-BE54-9A1E7A4F7556}") = "ConstructorExample", "ConstructorExample\ConstructorExample.csproj", "{A7D80587-88C3-498B-96A5-D2CC8C207257}"
EndProject
Project("{9A19103F-16F7-4668-BE54-9A1E7A4F7556}") = "encapsulationEx", "encapsulationEx\encapsulationEx.csproj", "{C79DF2E4-FCFF-4EE9-BAD5-6AD66F3E9601}"
EndProject
Project("{9A19103F-16F7-4668-BE54-9A1E7A4F7556}") = "EnumExample", "EnumExample\EnumExample.csproj", "{3C3ADD6E-270A-41BE-A2AB-BA04B8B03E93}"
EndProject
Project("{9A19103F-16F7-4668-BE54-9A1E7A4F7556}") = "IfElseExample", "IfElseExample\IfElseExample.csproj", "{258A480D-9F6C-486A-BE47-F60E4AD7BB69}"
EndProject
Project("{9A19103F-16F7-4668-BE54-9A1E7A4F7556}") = "InheritanceExample", "InheritanceExample\InheritanceExample.csproj", "{1EA0B913-E46E-4491-BB92-79C6839B9D7D}"
EndProject
Project("{9A19103F-16F7-4668-BE54-9A1E7A4F7556}") = "Polymorphism", "Polymorphism\Polymorphism.csproj", "{704FF4ED-7E97-43C6-8A18-7339951DE587}"
EndProject
Project("{9A19103F-16F7-4668-BE54-9A1E7A4F7556}") = "StatGenEx", "StatGenEx\StatGenEx.csproj", "{A705E205-2251-49EC-8822-FAC4CC46BF05}"
EndProject
Project("{9A19103F-16F7-4668-BE54-9A1E7A4F7556}") = "SwitchEx", "SwitchEx\SwitchEx.csproj", "{F68C4FFA-026F-4FAB-989D-AD7272C51B5F}"
EndProject
Project("{9A19103F-16F7-4668-BE54-9A1E7A4F7556}") = "InterfaceExample", "InterfaceExample\InterfaceExample.csproj", "{FB65CAD2-602A-499A-8EB6-F1D182A6FFED}"
EndProject
Project("{9A19103F-16F7-4668-BE54-9A1E7A4F7556}") = "AbstractEx", "AbstractEx\AbstractEx.csproj", "{59C52ACB-562C-46DA-A7DD-7F2D0FEFE1E8}"
EndProject
Project("{9A19103F-16F7-4668-BE54-9A1E7A4F7556}") = "StringEx", "StringEx\StringEx.csproj", "{AE76FE6B-1FD0-4AC8-A33F-3CFF1CAD765C}"
EndProject
Project("{9A19103F-16F7-4668-BE54-9A1E7A4F7556}") = "UserDefinedException", "UserDefinedException\UserDefinedException.csproj", "{66A3B485-A9AB-46F4-AF16-F7BA14B840AC}"
EndProject
Project("{FAE04EC0-301F-11D3-BF4B-00C04F79EFBC}") = "BankEx", "BankEx\BankEx.csproj", "{FC4C324E-AA2F-4E9A-B15A-737D618AB5ED}"
EndProject
Global
	GlobalSection(SolutionConfigurationPlatforms) = preSolution
		Debug|Any CPU = Debug|Any CPU
		Release|Any CPU = Release|Any CPU
	EndGlobalSection
	GlobalSection(ProjectConfigurationPlatforms) = postSolution
		{C05AEF5E-5DA6-4DAE-ABA2-F31B50D5D12B}.Debug|Any CPU.ActiveCfg = Debug|Any CPU
		{C05AEF5E-5DA6-4DAE-ABA2-F31B50D5D12B}.Debug|Any CPU.Build.0 = Debug|Any CPU
		{C05AEF5E-5DA6-4DAE-ABA2-F31B50D5D12B}.Release|Any CPU.ActiveCfg = Release|Any CPU
		{C05AEF5E-5DA6-4DAE-ABA2-F31B50D5D12B}.Release|Any CPU.Build.0 = Release|Any CPU
		{018857AC-1278-4636-A37D-A68473B83AE1}.Debug|Any CPU.ActiveCfg = Debug|Any CPU
		{018857AC-1278-4636-A37D-A68473B83AE1}.Debug|Any CPU.Build.0 = Debug|Any CPU
		{018857AC-1278-4636-A37D-A68473B83AE1}.Release|Any CPU.ActiveCfg = Release|Any CPU
		{018857AC-1278-4636-A37D-A68473B83AE1}.Release|Any CPU.Build.0 = Release|Any CPU
		{BEEFB56D-01BC-4EF3-9577-B9C2C226FB2B}.Debug|Any CPU.ActiveCfg = Debug|Any CPU
		{BEEFB56D-01BC-4EF3-9577-B9C2C226FB2B}.Debug|Any CPU.Build.0 = Debug|Any CPU
		{BEEFB56D-01BC-4EF3-9577-B9C2C226FB2B}.Release|Any CPU.ActiveCfg = Release|Any CPU
		{BEEFB56D-01BC-4EF3-9577-B9C2C226FB2B}.Release|Any CPU.Build.0 = Release|Any CPU
		{A7D80587-88C3-498B-96A5-D2CC8C207257}.Debug|Any CPU.ActiveCfg = Debug|Any CPU
		{A7D80587-88C3-498B-96A5-D2CC8C207257}.Debug|Any CPU.Build.0 = Debug|Any CPU
		{A7D80587-88C3-498B-96A5-D2CC8C207257}.Release|Any CPU.ActiveCfg = Release|Any CPU
		{A7D80587-88C3-498B-96A5-D2CC8C207257}.Release|Any CPU.Build.0 = Release|Any CPU
		{C79DF2E4-FCFF-4EE9-BAD5-6AD66F3E9601}.Debug|Any CPU.ActiveCfg = Debug|Any CPU
		{C79DF2E4-FCFF-4EE9-BAD5-6AD66F3E9601}.Debug|Any CPU.Build.0 = Debug|Any CPU
		{C79DF2E4-FCFF-4EE9-BAD5-6AD66F3E9601}.Release|Any CPU.ActiveCfg = Release|Any CPU
		{C79DF2E4-FCFF-4EE9-BAD5-6AD66F3E9601}.Release|Any CPU.Build.0 = Release|Any CPU
		{3C3ADD6E-270A-41BE-A2AB-BA04B8B03E93}.Debug|Any CPU.ActiveCfg = Debug|Any CPU
		{3C3ADD6E-270A-41BE-A2AB-BA04B8B03E93}.Debug|Any CPU.Build.0 = Debug|Any CPU
		{3C3ADD6E-270A-41BE-A2AB-BA04B8B03E93}.Release|Any CPU.ActiveCfg = Release|Any CPU
		{3C3ADD6E-270A-41BE-A2AB-BA04B8B03E93}.Release|Any CPU.Build.0 = Release|Any CPU
		{258A480D-9F6C-486A-BE47-F60E4AD7BB69}.Debug|Any CPU.ActiveCfg = Debug|Any CPU
		{258A480D-9F6C-486A-BE47-F60E4AD7BB69}.Debug|Any CPU.Build.0 = Debug|Any CPU
		{258A480D-9F6C-486A-BE47-F60E4AD7BB69}.Release|Any CPU.ActiveCfg = Release|Any CPU
		{258A480D-9F6C-486A-BE47-F60E4AD7BB69}.Release|Any CPU.Build.0 = Release|Any CPU
		{1EA0B913-E46E-4491-BB92-79C6839B9D7D}.Debug|Any CPU.ActiveCfg = Debug|Any CPU
		{1EA0B913-E46E-4491-BB92-79C6839B9D7D}.Debug|Any CPU.Build.0 = Debug|Any CPU
		{1EA0B913-E46E-4491-BB92-79C6839B9D7D}.Release|Any CPU.ActiveCfg = Release|Any CPU
		{1EA0B913-E46E-4491-BB92-79C6839B9D7D}.Release|Any CPU.Build.0 = Release|Any CPU
		{704FF4ED-7E97-43C6-8A18-7339951DE587}.Debug|Any CPU.ActiveCfg = Debug|Any CPU
		{704FF4ED-7E97-43C6-8A18-7339951DE587}.Debug|Any CPU.Build.0 = Debug|Any CPU
		{704FF4ED-7E97-43C6-8A18-7339951DE587}.Release|Any CPU.ActiveCfg = Release|Any CPU
		{704FF4ED-7E97-43C6-8A18-7339951DE587}.Release|Any CPU.Build.0 = Release|Any CPU
		{A705E205-2251-49EC-8822-FAC4CC46BF05}.Debug|Any CPU.ActiveCfg = Debug|Any CPU
		{A705E205-2251-49EC-8822-FAC4CC46BF05}.Debug|Any CPU.Build.0 = Debug|Any CPU
		{A705E205-2251-49EC-8822-FAC4CC46BF05}.Release|Any CPU.ActiveCfg = Release|Any CPU
		{A705E205-2251-49EC-8822-FAC4CC46BF05}.Release|Any CPU.Build.0 = Release|Any CPU
		{F68C4FFA-026F-4FAB-989D-AD7272C51B5F}.Debug|Any CPU.ActiveCfg = Debug|Any CPU
		{F68C4FFA-026F-4FAB-989D-AD7272C51B5F}.Debug|Any CPU.Build.0 = Debug|Any CPU
		{F68C4FFA-026F-4FAB-989D-AD7272C51B5F}.Release|Any CPU.ActiveCfg = Release|Any CPU
		{F68C4FFA-026F-4FAB-989D-AD7272C51B5F}.Release|Any CPU.Build.0 = Release|Any CPU
		{FB65CAD2-602A-499A-8EB6-F1D182A6FFED}.Debug|Any CPU.ActiveCfg = Debug|Any CPU
		{FB65CAD2-602A-499A-8EB6-F1D182A6FFED}.Debug|Any CPU.Build.0 = Debug|Any CPU
		{FB65CAD2-602A-499A-8EB6-F1D182A6FFED}.Release|Any CPU.ActiveCfg = Release|Any CPU
		{FB65CAD2-602A-499A-8EB6-F1D182A6FFED}.Release|Any CPU.Build.0 = Release|Any CPU
		{59C52ACB-562C-46DA-A7DD-7F2D0FEFE1E8}.Debug|Any CPU.ActiveCfg = Debug|Any CPU
		{59C52ACB-562C-46DA-A7DD-7F2D0FEFE1E8}.Debug|Any CPU.Build.0 = Debug|Any CPU
		{59C52ACB-562C-46DA-A7DD-7F2D0FEFE1E8}.Release|Any CPU.ActiveCfg = Release|Any CPU
		{59C52ACB-562C-46DA-A7DD-7F2D0FEFE1E8}.Release|Any CPU.Build.0 = Release|Any CPU
		{AE76FE6B-1FD0-4AC8-A33F-3CFF1CAD765C}.Debug|Any CPU.ActiveCfg = Debug|Any CPU
		{AE76FE6B-1FD0-4AC8-A33F-3CFF1CAD765C}.Debug|Any CPU.Build.0 = Debug|Any CPU
		{AE76FE6B-1FD0-4AC8-A33F-3CFF1CAD765C}.Release|Any CPU.ActiveCfg = Release|Any CPU
		{AE76FE6B-1FD0-4AC8-A33F-3CFF1CAD765C}.Release|Any CPU.Build.0 = Release|Any CPU
		{66A3B485-A9AB-46F4-AF16-F7BA14B840AC}.Debug|Any CPU.ActiveCfg = Debug|Any CPU
		{66A3B485-A9AB-46F4-AF16-F7BA14B840AC}.Debug|Any CPU.Build.0 = Debug|Any CPU
		{66A3B485-A9AB-46F4-AF16-F7BA14B840AC}.Release|Any CPU.ActiveCfg = Release|Any CPU
		{66A3B485-A9AB-46F4-AF16-F7BA14B840AC}.Release|Any CPU.Build.0 = Release|Any CPU
		{FC4C324E-AA2F-4E9A-B15A-737D618AB5ED}.Debug|Any CPU.ActiveCfg = Debug|Any CPU
		{FC4C324E-AA2F-4E9A-B15A-737D618AB5ED}.Debug|Any CPU.Build.0 = Debug|Any CPU
		{FC4C324E-AA2F-4E9A-B15A-737D618AB5ED}.Release|Any CPU.ActiveCfg = Release|Any CPU
		{FC4C324E-AA2F-4E9A-B15A-737D618AB5ED}.Release|Any CPU.Build.0 = Release|Any CPU
	EndGlobalSection
	GlobalSection(SolutionProperties) = preSolution
		HideSolutionNode = FALSE
	EndGlobalSection
	GlobalSection(ExtensibilityGlobals) = postSolution
		SolutionGuid = {31AA179A-4790-477E-A62E-FA068CCA151F}
	EndGlobalSection
EndGlobal
